
Microsoft Visual Studio Solution File, Format Version 12.00
# Visual Studio Version 17
VisualStudioVersion = 17.13.35931.197 d17.13
MinimumVisualStudioVersion = 10.0.40219.1
Project("{FAE04EC0-301F-11D3-BF4B-00C04F79EFBC}") = "BetterFPCamera", "BetterFPCamera\BetterFPCamera.csproj", "{FF08D96C-0685-448E-B35F-50D71F6F3039}"
EndProject
Project("{FAE04EC0-301F-11D3-BF4B-00C04F79EFBC}") = "CakeBuild", "CakeBuild\CakeBuild.csproj", "{934AA707-3A97-4AD1-A3B1-3FB056B956B2}"
EndProject
Global
	GlobalSection(SolutionConfigurationPlatforms) = preSolution
		Debug|Any CPU = Debug|Any CPU
		Release|Any CPU = Release|Any CPU
	EndGlobalSection
	GlobalSection(ProjectConfigurationPlatforms) = postSolution
		{FF08D96C-0685-448E-B35F-50D71F6F3039}.Debug|Any CPU.ActiveCfg = Debug|Any CPU
		{FF08D96C-0685-448E-B35F-50D71F6F3039}.Debug|Any CPU.Build.0 = Debug|Any CPU
		{FF08D96C-0685-448E-B35F-50D71F6F3039}.Release|Any CPU.ActiveCfg = Release|Any CPU
		{FF08D96C-0685-448E-B35F-50D71F6F3039}.Release|Any CPU.Build.0 = Release|Any CPU
		{934AA707-3A97-4AD1-A3B1-3FB056B956B2}.Debug|Any CPU.ActiveCfg = Debug|Any CPU
		{934AA707-3A97-4AD1-A3B1-3FB056B956B2}.Debug|Any CPU.Build.0 = Debug|Any CPU
		{934AA707-3A97-4AD1-A3B1-3FB056B956B2}.Release|Any CPU.ActiveCfg = Release|Any CPU
		{934AA707-3A97-4AD1-A3B1-3FB056B956B2}.Release|Any CPU.Build.0 = Release|Any CPU
	EndGlobalSection
	GlobalSection(SolutionProperties) = preSolution
		HideSolutionNode = FALSE
	EndGlobalSection
	GlobalSection(ExtensibilityGlobals) = postSolution
		SolutionGuid = {2400A8E9-18E1-4B7F-ADCD-69D9803798C3}
	EndGlobalSection
EndGlobal
